
Microsoft Visual Studio Solution File, Format Version 12.00
# Visual Studio 15
VisualStudioVersion = 15.0.28307.902
MinimumVisualStudioVersion = 10.0.40219.1
Project("{FAE04EC0-301F-11D3-BF4B-00C04F79EFBC}") = "media_idades", "media_idade\media_idades.csproj", "{60BCC24B-F4C1-4343-920E-990843A1DF01}"
EndProject
Global
	GlobalSection(SolutionConfigurationPlatforms) = preSolution
		Debug|Any CPU = Debug|Any CPU
		Release|Any CPU = Release|Any CPU
	EndGlobalSection
	GlobalSection(ProjectConfigurationPlatforms) = postSolution
		{60BCC24B-F4C1-4343-920E-990843A1DF01}.Debug|Any CPU.ActiveCfg = Debug|Any CPU
		{60BCC24B-F4C1-4343-920E-990843A1DF01}.Debug|Any CPU.Build.0 = Debug|Any CPU
		{60BCC24B-F4C1-4343-920E-990843A1DF01}.Release|Any CPU.ActiveCfg = Release|Any CPU
		{60BCC24B-F4C1-4343-920E-990843A1DF01}.Release|Any CPU.Build.0 = Release|Any CPU
	EndGlobalSection
	GlobalSection(SolutionProperties) = preSolution
		HideSolutionNode = FALSE
	EndGlobalSection
	GlobalSection(ExtensibilityGlobals) = postSolution
		SolutionGuid = {9792F10D-B9E8-414B-891F-EF4E5956E839}
	EndGlobalSection
EndGlobal
