
Microsoft Visual Studio Solution File, Format Version 12.00
# Visual Studio 15
VisualStudioVersion = 15.0.28307.902
MinimumVisualStudioVersion = 10.0.40219.1
Project("{FAE04EC0-301F-11D3-BF4B-00C04F79EFBC}") = "aprovados", "aprovados\aprovados.csproj", "{FF2437C6-1964-4562-81CC-ABADAAD12410}"
EndProject
Global
	GlobalSection(SolutionConfigurationPlatforms) = preSolution
		Debug|Any CPU = Debug|Any CPU
		Release|Any CPU = Release|Any CPU
	EndGlobalSection
	GlobalSection(ProjectConfigurationPlatforms) = postSolution
		{FF2437C6-1964-4562-81CC-ABADAAD12410}.Debug|Any CPU.ActiveCfg = Debug|Any CPU
		{FF2437C6-1964-4562-81CC-ABADAAD12410}.Debug|Any CPU.Build.0 = Debug|Any CPU
		{FF2437C6-1964-4562-81CC-ABADAAD12410}.Release|Any CPU.ActiveCfg = Release|Any CPU
		{FF2437C6-1964-4562-81CC-ABADAAD12410}.Release|Any CPU.Build.0 = Release|Any CPU
	EndGlobalSection
	GlobalSection(SolutionProperties) = preSolution
		HideSolutionNode = FALSE
	EndGlobalSection
	GlobalSection(ExtensibilityGlobals) = postSolution
		SolutionGuid = {D12A0E4F-3C68-4D47-81A9-25D833E4D89F}
	EndGlobalSection
EndGlobal
