
Microsoft Visual Studio Solution File, Format Version 12.00
# Visual Studio 15
VisualStudioVersion = 15.0.28307.902
MinimumVisualStudioVersion = 10.0.40219.1
Project("{FAE04EC0-301F-11D3-BF4B-00C04F79EFBC}") = "diagonal_negativos", "diagonal_negativos\diagonal_negativos.csproj", "{52A1906E-DBFE-4A5E-A04F-2781252E13ED}"
EndProject
Global
	GlobalSection(SolutionConfigurationPlatforms) = preSolution
		Debug|Any CPU = Debug|Any CPU
		Release|Any CPU = Release|Any CPU
	EndGlobalSection
	GlobalSection(ProjectConfigurationPlatforms) = postSolution
		{52A1906E-DBFE-4A5E-A04F-2781252E13ED}.Debug|Any CPU.ActiveCfg = Debug|Any CPU
		{52A1906E-DBFE-4A5E-A04F-2781252E13ED}.Debug|Any CPU.Build.0 = Debug|Any CPU
		{52A1906E-DBFE-4A5E-A04F-2781252E13ED}.Release|Any CPU.ActiveCfg = Release|Any CPU
		{52A1906E-DBFE-4A5E-A04F-2781252E13ED}.Release|Any CPU.Build.0 = Release|Any CPU
	EndGlobalSection
	GlobalSection(SolutionProperties) = preSolution
		HideSolutionNode = FALSE
	EndGlobalSection
	GlobalSection(ExtensibilityGlobals) = postSolution
		SolutionGuid = {B5E00A05-C9FA-4912-867B-3342898A5679}
	EndGlobalSection
EndGlobal
