
Microsoft Visual Studio Solution File, Format Version 12.00
# Visual Studio 15
VisualStudioVersion = 15.0.28307.902
MinimumVisualStudioVersion = 10.0.40219.1
Project("{FAE04EC0-301F-11D3-BF4B-00C04F79EFBC}") = "coordenadas", "coordenadas\coordenadas.csproj", "{BCA03368-61C3-43A1-886A-24A8D7407230}"
EndProject
Global
	GlobalSection(SolutionConfigurationPlatforms) = preSolution
		Debug|Any CPU = Debug|Any CPU
		Release|Any CPU = Release|Any CPU
	EndGlobalSection
	GlobalSection(ProjectConfigurationPlatforms) = postSolution
		{BCA03368-61C3-43A1-886A-24A8D7407230}.Debug|Any CPU.ActiveCfg = Debug|Any CPU
		{BCA03368-61C3-43A1-886A-24A8D7407230}.Debug|Any CPU.Build.0 = Debug|Any CPU
		{BCA03368-61C3-43A1-886A-24A8D7407230}.Release|Any CPU.ActiveCfg = Release|Any CPU
		{BCA03368-61C3-43A1-886A-24A8D7407230}.Release|Any CPU.Build.0 = Release|Any CPU
	EndGlobalSection
	GlobalSection(SolutionProperties) = preSolution
		HideSolutionNode = FALSE
	EndGlobalSection
	GlobalSection(ExtensibilityGlobals) = postSolution
		SolutionGuid = {EF673948-AE3A-4109-BF64-66C4C759EEAF}
	EndGlobalSection
EndGlobal
