
Microsoft Visual Studio Solution File, Format Version 12.00
# Visual Studio 15
VisualStudioVersion = 15.0.28307.902
MinimumVisualStudioVersion = 10.0.40219.1
Project("{FAE04EC0-301F-11D3-BF4B-00C04F79EFBC}") = "senha_fixa", "senha_fixa\senha_fixa.csproj", "{BD2886EA-AEFD-4D2C-8744-49F883C109B3}"
EndProject
Global
	GlobalSection(SolutionConfigurationPlatforms) = preSolution
		Debug|Any CPU = Debug|Any CPU
		Release|Any CPU = Release|Any CPU
	EndGlobalSection
	GlobalSection(ProjectConfigurationPlatforms) = postSolution
		{BD2886EA-AEFD-4D2C-8744-49F883C109B3}.Debug|Any CPU.ActiveCfg = Debug|Any CPU
		{BD2886EA-AEFD-4D2C-8744-49F883C109B3}.Debug|Any CPU.Build.0 = Debug|Any CPU
		{BD2886EA-AEFD-4D2C-8744-49F883C109B3}.Release|Any CPU.ActiveCfg = Release|Any CPU
		{BD2886EA-AEFD-4D2C-8744-49F883C109B3}.Release|Any CPU.Build.0 = Release|Any CPU
	EndGlobalSection
	GlobalSection(SolutionProperties) = preSolution
		HideSolutionNode = FALSE
	EndGlobalSection
	GlobalSection(ExtensibilityGlobals) = postSolution
		SolutionGuid = {7577B6CF-F53A-47C1-AA76-E912A5189B8C}
	EndGlobalSection
EndGlobal
