
Microsoft Visual Studio Solution File, Format Version 12.00
# Visual Studio 15
VisualStudioVersion = 15.0.28307.902
MinimumVisualStudioVersion = 10.0.40219.1
Project("{FAE04EC0-301F-11D3-BF4B-00C04F79EFBC}") = "glicose", "glicose\glicose.csproj", "{32F235D4-88FE-4131-B557-6012510F0205}"
EndProject
Global
	GlobalSection(SolutionConfigurationPlatforms) = preSolution
		Debug|Any CPU = Debug|Any CPU
		Release|Any CPU = Release|Any CPU
	EndGlobalSection
	GlobalSection(ProjectConfigurationPlatforms) = postSolution
		{32F235D4-88FE-4131-B557-6012510F0205}.Debug|Any CPU.ActiveCfg = Debug|Any CPU
		{32F235D4-88FE-4131-B557-6012510F0205}.Debug|Any CPU.Build.0 = Debug|Any CPU
		{32F235D4-88FE-4131-B557-6012510F0205}.Release|Any CPU.ActiveCfg = Release|Any CPU
		{32F235D4-88FE-4131-B557-6012510F0205}.Release|Any CPU.Build.0 = Release|Any CPU
	EndGlobalSection
	GlobalSection(SolutionProperties) = preSolution
		HideSolutionNode = FALSE
	EndGlobalSection
	GlobalSection(ExtensibilityGlobals) = postSolution
		SolutionGuid = {6BFB4D7E-1D01-4CDB-A9FA-F8F1B945F1E3}
	EndGlobalSection
EndGlobal
