
Microsoft Visual Studio Solution File, Format Version 12.00
# Visual Studio 15
VisualStudioVersion = 15.0.27703.2047
MinimumVisualStudioVersion = 10.0.40219.1
Project("{FAE04EC0-301F-11D3-BF4B-00C04F79EFBC}") = "circulo", "circulo\circulo.csproj", "{7A8C9C02-4C71-407C-8D07-C20B65A451AB}"
EndProject
Global
	GlobalSection(SolutionConfigurationPlatforms) = preSolution
		Debug|Any CPU = Debug|Any CPU
		Release|Any CPU = Release|Any CPU
	EndGlobalSection
	GlobalSection(ProjectConfigurationPlatforms) = postSolution
		{7A8C9C02-4C71-407C-8D07-C20B65A451AB}.Debug|Any CPU.ActiveCfg = Debug|Any CPU
		{7A8C9C02-4C71-407C-8D07-C20B65A451AB}.Debug|Any CPU.Build.0 = Debug|Any CPU
		{7A8C9C02-4C71-407C-8D07-C20B65A451AB}.Release|Any CPU.ActiveCfg = Release|Any CPU
		{7A8C9C02-4C71-407C-8D07-C20B65A451AB}.Release|Any CPU.Build.0 = Release|Any CPU
	EndGlobalSection
	GlobalSection(SolutionProperties) = preSolution
		HideSolutionNode = FALSE
	EndGlobalSection
	GlobalSection(ExtensibilityGlobals) = postSolution
		SolutionGuid = {A7D91E2A-B9A5-4137-B6DB-4C6CD5798CF4}
	EndGlobalSection
EndGlobal
