
Microsoft Visual Studio Solution File, Format Version 12.00
# Visual Studio 15
VisualStudioVersion = 15.0.28307.902
MinimumVisualStudioVersion = 10.0.40219.1
Project("{FAE04EC0-301F-11D3-BF4B-00C04F79EFBC}") = "matriz_geral", "matriz_geral\matriz_geral.csproj", "{080E002F-853A-43F3-9F54-E4C4532BCEA9}"
EndProject
Global
	GlobalSection(SolutionConfigurationPlatforms) = preSolution
		Debug|Any CPU = Debug|Any CPU
		Release|Any CPU = Release|Any CPU
	EndGlobalSection
	GlobalSection(ProjectConfigurationPlatforms) = postSolution
		{080E002F-853A-43F3-9F54-E4C4532BCEA9}.Debug|Any CPU.ActiveCfg = Debug|Any CPU
		{080E002F-853A-43F3-9F54-E4C4532BCEA9}.Debug|Any CPU.Build.0 = Debug|Any CPU
		{080E002F-853A-43F3-9F54-E4C4532BCEA9}.Release|Any CPU.ActiveCfg = Release|Any CPU
		{080E002F-853A-43F3-9F54-E4C4532BCEA9}.Release|Any CPU.Build.0 = Release|Any CPU
	EndGlobalSection
	GlobalSection(SolutionProperties) = preSolution
		HideSolutionNode = FALSE
	EndGlobalSection
	GlobalSection(ExtensibilityGlobals) = postSolution
		SolutionGuid = {1563F29A-A86B-4AC3-90F4-9805E008F2C5}
	EndGlobalSection
EndGlobal
