
Microsoft Visual Studio Solution File, Format Version 12.00
# Visual Studio 15
VisualStudioVersion = 15.0.28307.902
MinimumVisualStudioVersion = 10.0.40219.1
Project("{FAE04EC0-301F-11D3-BF4B-00C04F79EFBC}") = "numeros_pares", "numeros_pares\numeros_pares.csproj", "{E2D41872-921B-4EF2-82F2-141A08609887}"
EndProject
Global
	GlobalSection(SolutionConfigurationPlatforms) = preSolution
		Debug|Any CPU = Debug|Any CPU
		Release|Any CPU = Release|Any CPU
	EndGlobalSection
	GlobalSection(ProjectConfigurationPlatforms) = postSolution
		{E2D41872-921B-4EF2-82F2-141A08609887}.Debug|Any CPU.ActiveCfg = Debug|Any CPU
		{E2D41872-921B-4EF2-82F2-141A08609887}.Debug|Any CPU.Build.0 = Debug|Any CPU
		{E2D41872-921B-4EF2-82F2-141A08609887}.Release|Any CPU.ActiveCfg = Release|Any CPU
		{E2D41872-921B-4EF2-82F2-141A08609887}.Release|Any CPU.Build.0 = Release|Any CPU
	EndGlobalSection
	GlobalSection(SolutionProperties) = preSolution
		HideSolutionNode = FALSE
	EndGlobalSection
	GlobalSection(ExtensibilityGlobals) = postSolution
		SolutionGuid = {265B8AA0-5437-4CB7-BDFF-32CEB9F79150}
	EndGlobalSection
EndGlobal
