
Microsoft Visual Studio Solution File, Format Version 12.00
# Visual Studio 15
VisualStudioVersion = 15.0.27703.2047
MinimumVisualStudioVersion = 10.0.40219.1
Project("{FAE04EC0-301F-11D3-BF4B-00C04F79EFBC}") = "idades", "idades\idades.csproj", "{7DFB2B55-8AC9-408C-8B44-968CBCA60D71}"
EndProject
Global
	GlobalSection(SolutionConfigurationPlatforms) = preSolution
		Debug|Any CPU = Debug|Any CPU
		Release|Any CPU = Release|Any CPU
	EndGlobalSection
	GlobalSection(ProjectConfigurationPlatforms) = postSolution
		{7DFB2B55-8AC9-408C-8B44-968CBCA60D71}.Debug|Any CPU.ActiveCfg = Debug|Any CPU
		{7DFB2B55-8AC9-408C-8B44-968CBCA60D71}.Debug|Any CPU.Build.0 = Debug|Any CPU
		{7DFB2B55-8AC9-408C-8B44-968CBCA60D71}.Release|Any CPU.ActiveCfg = Release|Any CPU
		{7DFB2B55-8AC9-408C-8B44-968CBCA60D71}.Release|Any CPU.Build.0 = Release|Any CPU
	EndGlobalSection
	GlobalSection(SolutionProperties) = preSolution
		HideSolutionNode = FALSE
	EndGlobalSection
	GlobalSection(ExtensibilityGlobals) = postSolution
		SolutionGuid = {28F9F3ED-382A-45BD-B2E9-5F1F5E0CF2C0}
	EndGlobalSection
EndGlobal
