
Microsoft Visual Studio Solution File, Format Version 12.00
# Visual Studio 15
VisualStudioVersion = 15.0.28307.902
MinimumVisualStudioVersion = 10.0.40219.1
Project("{FAE04EC0-301F-11D3-BF4B-00C04F79EFBC}") = "alturas", "alturas\alturas.csproj", "{84C2C6B7-9457-439C-80C2-07030F46267F}"
EndProject
Global
	GlobalSection(SolutionConfigurationPlatforms) = preSolution
		Debug|Any CPU = Debug|Any CPU
		Release|Any CPU = Release|Any CPU
	EndGlobalSection
	GlobalSection(ProjectConfigurationPlatforms) = postSolution
		{84C2C6B7-9457-439C-80C2-07030F46267F}.Debug|Any CPU.ActiveCfg = Debug|Any CPU
		{84C2C6B7-9457-439C-80C2-07030F46267F}.Debug|Any CPU.Build.0 = Debug|Any CPU
		{84C2C6B7-9457-439C-80C2-07030F46267F}.Release|Any CPU.ActiveCfg = Release|Any CPU
		{84C2C6B7-9457-439C-80C2-07030F46267F}.Release|Any CPU.Build.0 = Release|Any CPU
	EndGlobalSection
	GlobalSection(SolutionProperties) = preSolution
		HideSolutionNode = FALSE
	EndGlobalSection
	GlobalSection(ExtensibilityGlobals) = postSolution
		SolutionGuid = {EC554751-D552-453B-976F-6AAE4932489C}
	EndGlobalSection
EndGlobal
