
Microsoft Visual Studio Solution File, Format Version 12.00
# Visual Studio 15
VisualStudioVersion = 15.0.28307.902
MinimumVisualStudioVersion = 10.0.40219.1
Project("{FAE04EC0-301F-11D3-BF4B-00C04F79EFBC}") = "dardo", "dardo\dardo.csproj", "{1203734D-FA68-4DE0-8C46-BCBA307401D2}"
EndProject
Global
	GlobalSection(SolutionConfigurationPlatforms) = preSolution
		Debug|Any CPU = Debug|Any CPU
		Release|Any CPU = Release|Any CPU
	EndGlobalSection
	GlobalSection(ProjectConfigurationPlatforms) = postSolution
		{1203734D-FA68-4DE0-8C46-BCBA307401D2}.Debug|Any CPU.ActiveCfg = Debug|Any CPU
		{1203734D-FA68-4DE0-8C46-BCBA307401D2}.Debug|Any CPU.Build.0 = Debug|Any CPU
		{1203734D-FA68-4DE0-8C46-BCBA307401D2}.Release|Any CPU.ActiveCfg = Release|Any CPU
		{1203734D-FA68-4DE0-8C46-BCBA307401D2}.Release|Any CPU.Build.0 = Release|Any CPU
	EndGlobalSection
	GlobalSection(SolutionProperties) = preSolution
		HideSolutionNode = FALSE
	EndGlobalSection
	GlobalSection(ExtensibilityGlobals) = postSolution
		SolutionGuid = {10A78C79-6BE5-4B74-922A-1D9DC3A03C19}
	EndGlobalSection
EndGlobal
