
Microsoft Visual Studio Solution File, Format Version 12.00
# Visual Studio 15
VisualStudioVersion = 15.0.28307.902
MinimumVisualStudioVersion = 10.0.40219.1
Project("{FAE04EC0-301F-11D3-BF4B-00C04F79EFBC}") = "crescente", "crescente\crescente.csproj", "{15708AFC-3ECD-42AE-9EE7-44976D973DC0}"
EndProject
Global
	GlobalSection(SolutionConfigurationPlatforms) = preSolution
		Debug|Any CPU = Debug|Any CPU
		Release|Any CPU = Release|Any CPU
	EndGlobalSection
	GlobalSection(ProjectConfigurationPlatforms) = postSolution
		{15708AFC-3ECD-42AE-9EE7-44976D973DC0}.Debug|Any CPU.ActiveCfg = Debug|Any CPU
		{15708AFC-3ECD-42AE-9EE7-44976D973DC0}.Debug|Any CPU.Build.0 = Debug|Any CPU
		{15708AFC-3ECD-42AE-9EE7-44976D973DC0}.Release|Any CPU.ActiveCfg = Release|Any CPU
		{15708AFC-3ECD-42AE-9EE7-44976D973DC0}.Release|Any CPU.Build.0 = Release|Any CPU
	EndGlobalSection
	GlobalSection(SolutionProperties) = preSolution
		HideSolutionNode = FALSE
	EndGlobalSection
	GlobalSection(ExtensibilityGlobals) = postSolution
		SolutionGuid = {23D4D8A9-310C-4035-A3C3-3E352464878A}
	EndGlobalSection
EndGlobal
