
Microsoft Visual Studio Solution File, Format Version 12.00
# Visual Studio 15
VisualStudioVersion = 15.0.28307.902
MinimumVisualStudioVersion = 10.0.40219.1
Project("{FAE04EC0-301F-11D3-BF4B-00C04F79EFBC}") = "pagamento", "pagamento\pagamento.csproj", "{4D4CD0F5-113A-4ABC-9296-609AF6EC30B6}"
EndProject
Global
	GlobalSection(SolutionConfigurationPlatforms) = preSolution
		Debug|Any CPU = Debug|Any CPU
		Release|Any CPU = Release|Any CPU
	EndGlobalSection
	GlobalSection(ProjectConfigurationPlatforms) = postSolution
		{4D4CD0F5-113A-4ABC-9296-609AF6EC30B6}.Debug|Any CPU.ActiveCfg = Debug|Any CPU
		{4D4CD0F5-113A-4ABC-9296-609AF6EC30B6}.Debug|Any CPU.Build.0 = Debug|Any CPU
		{4D4CD0F5-113A-4ABC-9296-609AF6EC30B6}.Release|Any CPU.ActiveCfg = Release|Any CPU
		{4D4CD0F5-113A-4ABC-9296-609AF6EC30B6}.Release|Any CPU.Build.0 = Release|Any CPU
	EndGlobalSection
	GlobalSection(SolutionProperties) = preSolution
		HideSolutionNode = FALSE
	EndGlobalSection
	GlobalSection(ExtensibilityGlobals) = postSolution
		SolutionGuid = {A4BA79FD-BE7E-447E-9EC5-DBF042E7EF74}
	EndGlobalSection
EndGlobal
