
Microsoft Visual Studio Solution File, Format Version 12.00
# Visual Studio 15
VisualStudioVersion = 15.0.28307.902
MinimumVisualStudioVersion = 10.0.40219.1
Project("{FAE04EC0-301F-11D3-BF4B-00C04F79EFBC}") = "soma", "soma\soma.csproj", "{FF73F38C-F219-4DA4-A42E-2BAA65F1FF5D}"
EndProject
Global
	GlobalSection(SolutionConfigurationPlatforms) = preSolution
		Debug|Any CPU = Debug|Any CPU
		Release|Any CPU = Release|Any CPU
	EndGlobalSection
	GlobalSection(ProjectConfigurationPlatforms) = postSolution
		{FF73F38C-F219-4DA4-A42E-2BAA65F1FF5D}.Debug|Any CPU.ActiveCfg = Debug|Any CPU
		{FF73F38C-F219-4DA4-A42E-2BAA65F1FF5D}.Debug|Any CPU.Build.0 = Debug|Any CPU
		{FF73F38C-F219-4DA4-A42E-2BAA65F1FF5D}.Release|Any CPU.ActiveCfg = Release|Any CPU
		{FF73F38C-F219-4DA4-A42E-2BAA65F1FF5D}.Release|Any CPU.Build.0 = Release|Any CPU
	EndGlobalSection
	GlobalSection(SolutionProperties) = preSolution
		HideSolutionNode = FALSE
	EndGlobalSection
	GlobalSection(ExtensibilityGlobals) = postSolution
		SolutionGuid = {C0334C87-112C-40F2-B1C0-FAE882E5A625}
	EndGlobalSection
EndGlobal
