
Microsoft Visual Studio Solution File, Format Version 12.00
# Visual Studio 15
VisualStudioVersion = 15.0.28307.902
MinimumVisualStudioVersion = 10.0.40219.1
Project("{FAE04EC0-301F-11D3-BF4B-00C04F79EFBC}") = "menor_de_tres", "menor_de_tres\menor_de_tres.csproj", "{AC9DD66E-63F7-4E6A-96FA-B5495E129EA1}"
EndProject
Global
	GlobalSection(SolutionConfigurationPlatforms) = preSolution
		Debug|Any CPU = Debug|Any CPU
		Release|Any CPU = Release|Any CPU
	EndGlobalSection
	GlobalSection(ProjectConfigurationPlatforms) = postSolution
		{AC9DD66E-63F7-4E6A-96FA-B5495E129EA1}.Debug|Any CPU.ActiveCfg = Debug|Any CPU
		{AC9DD66E-63F7-4E6A-96FA-B5495E129EA1}.Debug|Any CPU.Build.0 = Debug|Any CPU
		{AC9DD66E-63F7-4E6A-96FA-B5495E129EA1}.Release|Any CPU.ActiveCfg = Release|Any CPU
		{AC9DD66E-63F7-4E6A-96FA-B5495E129EA1}.Release|Any CPU.Build.0 = Release|Any CPU
	EndGlobalSection
	GlobalSection(SolutionProperties) = preSolution
		HideSolutionNode = FALSE
	EndGlobalSection
	GlobalSection(ExtensibilityGlobals) = postSolution
		SolutionGuid = {DD761B8E-60B0-4F9C-B647-A20309BC906B}
	EndGlobalSection
EndGlobal
