
Microsoft Visual Studio Solution File, Format Version 12.00
# Visual Studio 15
VisualStudioVersion = 15.0.28307.902
MinimumVisualStudioVersion = 10.0.40219.1
Project("{FAE04EC0-301F-11D3-BF4B-00C04F79EFBC}") = "medidas", "medidas\medidas.csproj", "{8E9D1A70-F9C5-4547-81E8-3978DC2CBFC3}"
EndProject
Global
	GlobalSection(SolutionConfigurationPlatforms) = preSolution
		Debug|Any CPU = Debug|Any CPU
		Release|Any CPU = Release|Any CPU
	EndGlobalSection
	GlobalSection(ProjectConfigurationPlatforms) = postSolution
		{8E9D1A70-F9C5-4547-81E8-3978DC2CBFC3}.Debug|Any CPU.ActiveCfg = Debug|Any CPU
		{8E9D1A70-F9C5-4547-81E8-3978DC2CBFC3}.Debug|Any CPU.Build.0 = Debug|Any CPU
		{8E9D1A70-F9C5-4547-81E8-3978DC2CBFC3}.Release|Any CPU.ActiveCfg = Release|Any CPU
		{8E9D1A70-F9C5-4547-81E8-3978DC2CBFC3}.Release|Any CPU.Build.0 = Release|Any CPU
	EndGlobalSection
	GlobalSection(SolutionProperties) = preSolution
		HideSolutionNode = FALSE
	EndGlobalSection
	GlobalSection(ExtensibilityGlobals) = postSolution
		SolutionGuid = {D0F034DD-DCC8-45E3-9288-31B26C4E14CF}
	EndGlobalSection
EndGlobal
