
Microsoft Visual Studio Solution File, Format Version 12.00
# Visual Studio 15
VisualStudioVersion = 15.0.28307.902
MinimumVisualStudioVersion = 10.0.40219.1
Project("{FAE04EC0-301F-11D3-BF4B-00C04F79EFBC}") = "soma_matrizes", "soma_matrizes\soma_matrizes.csproj", "{CEA68912-5174-4E3B-9734-587515791DDF}"
EndProject
Global
	GlobalSection(SolutionConfigurationPlatforms) = preSolution
		Debug|Any CPU = Debug|Any CPU
		Release|Any CPU = Release|Any CPU
	EndGlobalSection
	GlobalSection(ProjectConfigurationPlatforms) = postSolution
		{CEA68912-5174-4E3B-9734-587515791DDF}.Debug|Any CPU.ActiveCfg = Debug|Any CPU
		{CEA68912-5174-4E3B-9734-587515791DDF}.Debug|Any CPU.Build.0 = Debug|Any CPU
		{CEA68912-5174-4E3B-9734-587515791DDF}.Release|Any CPU.ActiveCfg = Release|Any CPU
		{CEA68912-5174-4E3B-9734-587515791DDF}.Release|Any CPU.Build.0 = Release|Any CPU
	EndGlobalSection
	GlobalSection(SolutionProperties) = preSolution
		HideSolutionNode = FALSE
	EndGlobalSection
	GlobalSection(ExtensibilityGlobals) = postSolution
		SolutionGuid = {2102A165-7459-4982-9656-A7A0F8485CE9}
	EndGlobalSection
EndGlobal
