
Microsoft Visual Studio Solution File, Format Version 12.00
# Visual Studio 15
VisualStudioVersion = 15.0.28307.902
MinimumVisualStudioVersion = 10.0.40219.1
Project("{FAE04EC0-301F-11D3-BF4B-00C04F79EFBC}") = "divisao", "divisao\divisao.csproj", "{DCDD32CE-2ADA-4063-AFD5-66C2B837FBD7}"
EndProject
Global
	GlobalSection(SolutionConfigurationPlatforms) = preSolution
		Debug|Any CPU = Debug|Any CPU
		Release|Any CPU = Release|Any CPU
	EndGlobalSection
	GlobalSection(ProjectConfigurationPlatforms) = postSolution
		{DCDD32CE-2ADA-4063-AFD5-66C2B837FBD7}.Debug|Any CPU.ActiveCfg = Debug|Any CPU
		{DCDD32CE-2ADA-4063-AFD5-66C2B837FBD7}.Debug|Any CPU.Build.0 = Debug|Any CPU
		{DCDD32CE-2ADA-4063-AFD5-66C2B837FBD7}.Release|Any CPU.ActiveCfg = Release|Any CPU
		{DCDD32CE-2ADA-4063-AFD5-66C2B837FBD7}.Release|Any CPU.Build.0 = Release|Any CPU
	EndGlobalSection
	GlobalSection(SolutionProperties) = preSolution
		HideSolutionNode = FALSE
	EndGlobalSection
	GlobalSection(ExtensibilityGlobals) = postSolution
		SolutionGuid = {5E6D95D6-5357-40C7-955F-53511158C3C7}
	EndGlobalSection
EndGlobal
