
Microsoft Visual Studio Solution File, Format Version 12.00
# Visual Studio 15
VisualStudioVersion = 15.0.28307.902
MinimumVisualStudioVersion = 10.0.40219.1
Project("{FAE04EC0-301F-11D3-BF4B-00C04F79EFBC}") = "experiencias", "experiencias\experiencias.csproj", "{83B3F9B6-362E-41D6-9509-06B5187CE584}"
EndProject
Global
	GlobalSection(SolutionConfigurationPlatforms) = preSolution
		Debug|Any CPU = Debug|Any CPU
		Release|Any CPU = Release|Any CPU
	EndGlobalSection
	GlobalSection(ProjectConfigurationPlatforms) = postSolution
		{83B3F9B6-362E-41D6-9509-06B5187CE584}.Debug|Any CPU.ActiveCfg = Debug|Any CPU
		{83B3F9B6-362E-41D6-9509-06B5187CE584}.Debug|Any CPU.Build.0 = Debug|Any CPU
		{83B3F9B6-362E-41D6-9509-06B5187CE584}.Release|Any CPU.ActiveCfg = Release|Any CPU
		{83B3F9B6-362E-41D6-9509-06B5187CE584}.Release|Any CPU.Build.0 = Release|Any CPU
	EndGlobalSection
	GlobalSection(SolutionProperties) = preSolution
		HideSolutionNode = FALSE
	EndGlobalSection
	GlobalSection(ExtensibilityGlobals) = postSolution
		SolutionGuid = {13E49D1F-C87D-40FC-A894-AB65F0760809}
	EndGlobalSection
EndGlobal
