
Microsoft Visual Studio Solution File, Format Version 12.00
# Visual Studio 15
VisualStudioVersion = 15.0.28307.902
MinimumVisualStudioVersion = 10.0.40219.1
Project("{FAE04EC0-301F-11D3-BF4B-00C04F79EFBC}") = "dados_pessoas", "dados_pessoas\dados_pessoas.csproj", "{BCFFAE80-3E16-432C-8E93-0C36106DBA9D}"
EndProject
Global
	GlobalSection(SolutionConfigurationPlatforms) = preSolution
		Debug|Any CPU = Debug|Any CPU
		Release|Any CPU = Release|Any CPU
	EndGlobalSection
	GlobalSection(ProjectConfigurationPlatforms) = postSolution
		{BCFFAE80-3E16-432C-8E93-0C36106DBA9D}.Debug|Any CPU.ActiveCfg = Debug|Any CPU
		{BCFFAE80-3E16-432C-8E93-0C36106DBA9D}.Debug|Any CPU.Build.0 = Debug|Any CPU
		{BCFFAE80-3E16-432C-8E93-0C36106DBA9D}.Release|Any CPU.ActiveCfg = Release|Any CPU
		{BCFFAE80-3E16-432C-8E93-0C36106DBA9D}.Release|Any CPU.Build.0 = Release|Any CPU
	EndGlobalSection
	GlobalSection(SolutionProperties) = preSolution
		HideSolutionNode = FALSE
	EndGlobalSection
	GlobalSection(ExtensibilityGlobals) = postSolution
		SolutionGuid = {AA7A15B4-97CA-4BA4-93E8-1B609B4C9385}
	EndGlobalSection
EndGlobal
